{
  "name": "walk-z",
  "version": "2.0.1",
  "lockfileVersion": 1,
  "requires": true,
  "dependencies": {
    "@types/node": {
      "version": "8.0.55",
      "resolved": "https://registry.npmjs.org/@types/node/-/node-8.0.55.tgz",
      "integrity": "sha512-K8w0FWNsIRcw615d/Et90wMRvLfg8XH1T77fC0xObbusE3+eXwnitdoF9j0CS9zBt8A57J/TKgRVe7RX9ZlT1g==",
      "dev": true
    },
    "assert-op": {
      "version": "0.1.0",
      "resolved": "https://registry.npmjs.org/assert-op/-/assert-op-0.1.0.tgz",
      "integrity": "sha512-DMs/IC/+BJhMZptglQgcDjMhOza7ChewjanOpDsLqBakAsrZchBzDl1myWZnOFl38Rv8KvW+ex9Kb+Fr7BdtDA==",
      "dev": true
    },
    "cotest": {
      "version": "3.0.0",
      "resolved": "https://registry.npmjs.org/cotest/-/cotest-3.0.0.tgz",
      "integrity": "sha512-MsxdK1FRMH/q2q7EB7gOO+U4NTU5s4/Fg28qYgk8vreXXlO9pislIGO8QnQrtnTkRw4NdH899KlrZDEt2ywg7g==",
      "dev": true,
      "requires": {
        "assert-op": "0.1.0"
      }
    },
    "dygraphs": {
      "version": "https://registry.npmjs.org/dygraphs/-/dygraphs-1.1.1.tgz",
      "integrity": "sha1-2qs+J3+LLE1t0Ztsi6/m0BYKPE4=",
      "dev": true
    },
    "node-scatterplot": {
      "version": "https://registry.npmjs.org/node-scatterplot/-/node-scatterplot-0.2.1.tgz",
      "integrity": "sha1-NODbOQdosiWNX63NLcGkkDCyjnY=",
      "dev": true,
      "requires": {
        "dygraphs": "https://registry.npmjs.org/dygraphs/-/dygraphs-1.1.1.tgz",
        "opener": "https://registry.npmjs.org/opener/-/opener-1.4.2.tgz"
      }
    },
    "opener": {
      "version": "https://registry.npmjs.org/opener/-/opener-1.4.2.tgz",
      "integrity": "sha1-syWCCABCr4aAw4mkmRdbTFT/9SM=",
      "dev": true
    },
    "random-z": {
      "version": "https://registry.npmjs.org/random-z/-/random-z-1.0.0.tgz",
      "integrity": "sha1-cft+jZEeyS7xPTTktQuHUahBPs4="
    }
  }
}
